
Microsoft Visual Studio Solution File, Format Version 12.00
# Visual Studio 14
VisualStudioVersion = 14.0.24720.0
MinimumVisualStudioVersion = 10.0.40219.1
Project("{FAE04EC0-301F-11D3-BF4B-00C04F79EFBC}") = "weixinmenu", "weixinmenu\weixinmenu.csproj", "{190B913B-46D0-4925-AE41-6C5BCB0CAF7A}"
EndProject
Project("{FAE04EC0-301F-11D3-BF4B-00C04F79EFBC}") = "Domain.OrmLib", "Domain.OrmLib\Domain.OrmLib.csproj", "{07CDFC12-916F-4366-A443-1A63D3EC012E}"
EndProject
Project("{FAE04EC0-301F-11D3-BF4B-00C04F79EFBC}") = "Data", "Data\Data.csproj", "{34E02FCC-F054-414B-8439-225AEC99C7C8}"
EndProject
Project("{FAE04EC0-301F-11D3-BF4B-00C04F79EFBC}") = "Business", "Business\Business.csproj", "{1DCEE07F-822C-4654-AF9F-6CA7EF88B3C0}"
EndProject
Global
	GlobalSection(SolutionConfigurationPlatforms) = preSolution
		Debug|Any CPU = Debug|Any CPU
		Release|Any CPU = Release|Any CPU
	EndGlobalSection
	GlobalSection(ProjectConfigurationPlatforms) = postSolution
		{190B913B-46D0-4925-AE41-6C5BCB0CAF7A}.Debug|Any CPU.ActiveCfg = Debug|Any CPU
		{190B913B-46D0-4925-AE41-6C5BCB0CAF7A}.Debug|Any CPU.Build.0 = Debug|Any CPU
		{190B913B-46D0-4925-AE41-6C5BCB0CAF7A}.Release|Any CPU.ActiveCfg = Release|Any CPU
		{190B913B-46D0-4925-AE41-6C5BCB0CAF7A}.Release|Any CPU.Build.0 = Release|Any CPU
		{07CDFC12-916F-4366-A443-1A63D3EC012E}.Debug|Any CPU.ActiveCfg = Debug|Any CPU
		{07CDFC12-916F-4366-A443-1A63D3EC012E}.Debug|Any CPU.Build.0 = Debug|Any CPU
		{07CDFC12-916F-4366-A443-1A63D3EC012E}.Release|Any CPU.ActiveCfg = Release|Any CPU
		{07CDFC12-916F-4366-A443-1A63D3EC012E}.Release|Any CPU.Build.0 = Release|Any CPU
		{34E02FCC-F054-414B-8439-225AEC99C7C8}.Debug|Any CPU.ActiveCfg = Debug|Any CPU
		{34E02FCC-F054-414B-8439-225AEC99C7C8}.Debug|Any CPU.Build.0 = Debug|Any CPU
		{34E02FCC-F054-414B-8439-225AEC99C7C8}.Release|Any CPU.ActiveCfg = Release|Any CPU
		{34E02FCC-F054-414B-8439-225AEC99C7C8}.Release|Any CPU.Build.0 = Release|Any CPU
		{1DCEE07F-822C-4654-AF9F-6CA7EF88B3C0}.Debug|Any CPU.ActiveCfg = Debug|Any CPU
		{1DCEE07F-822C-4654-AF9F-6CA7EF88B3C0}.Debug|Any CPU.Build.0 = Debug|Any CPU
		{1DCEE07F-822C-4654-AF9F-6CA7EF88B3C0}.Release|Any CPU.ActiveCfg = Release|Any CPU
		{1DCEE07F-822C-4654-AF9F-6CA7EF88B3C0}.Release|Any CPU.Build.0 = Release|Any CPU
	EndGlobalSection
	GlobalSection(SolutionProperties) = preSolution
		HideSolutionNode = FALSE
	EndGlobalSection
EndGlobal
